
Microsoft Visual Studio Solution File, Format Version 12.00
# Visual Studio Version 17
VisualStudioVersion = 17.2.32616.157
MinimumVisualStudioVersion = 10.0.40219.1
Project("{2150E333-8FDC-42A3-9474-1A3956D46DE8}") = "Server", "Server", "{190A789B-5C89-4E78-8CAD-83F7ED5B107D}"
EndProject
Project("{9A19103F-16F7-4668-BE54-9A1E7A4F7556}") = "OnTwitter.Domain", "CORE\OnTwitter.Domain\OnTwitter.Domain.csproj", "{FB9FA6AA-EEE1-4C52-8563-22290D94DDF0}"
EndProject
Project("{9A19103F-16F7-4668-BE54-9A1E7A4F7556}") = "OnTwitter.Infrastructure", "INFRA\OnTwitter.Infrastructure\OnTwitter.Infrastructure.csproj", "{171FDC41-A1EE-4076-BC6D-1A12D54992FE}"
EndProject
Project("{9A19103F-16F7-4668-BE54-9A1E7A4F7556}") = "OnTwitter.Application", "CORE\OnTwitter.Application\OnTwitter.Application.csproj", "{BEF526DD-D792-4FE9-9009-B6371359566C}"
EndProject
Project("{2150E333-8FDC-42A3-9474-1A3956D46DE8}") = "Core", "Core", "{FF172FC4-F55D-4EEA-9797-883EEFF0FE2E}"
EndProject
Project("{2150E333-8FDC-42A3-9474-1A3956D46DE8}") = "Infra", "Infra", "{90E0108D-B5D4-4124-BBF7-3D2A637725A7}"
EndProject
Project("{2150E333-8FDC-42A3-9474-1A3956D46DE8}") = "Api", "Api", "{657016A5-89D6-4F1F-BB59-59BCB8E04ABC}"
EndProject
Project("{9A19103F-16F7-4668-BE54-9A1E7A4F7556}") = "OnTwitter.Api", "API\OnTwitter.Api\OnTwitter.Api.csproj", "{65E3083E-E31B-4F64-9275-D9C0E3B67456}"
EndProject
Project("{2150E333-8FDC-42A3-9474-1A3956D46DE8}") = "Test", "Test", "{2B2E9A7C-F08C-43BD-A31A-AD0899803CF7}"
EndProject
Project("{FAE04EC0-301F-11D3-BF4B-00C04F79EFBC}") = "OnTwitter.Test", "TEST\OnTwitter.Test\OnTwitter.Test.csproj", "{59B3E072-E2DF-4ED5-989F-BCD7AA8FF30D}"
EndProject
Global
	GlobalSection(SolutionConfigurationPlatforms) = preSolution
		Debug|Any CPU = Debug|Any CPU
		Release|Any CPU = Release|Any CPU
	EndGlobalSection
	GlobalSection(ProjectConfigurationPlatforms) = postSolution
		{FB9FA6AA-EEE1-4C52-8563-22290D94DDF0}.Debug|Any CPU.ActiveCfg = Debug|Any CPU
		{FB9FA6AA-EEE1-4C52-8563-22290D94DDF0}.Debug|Any CPU.Build.0 = Debug|Any CPU
		{FB9FA6AA-EEE1-4C52-8563-22290D94DDF0}.Release|Any CPU.ActiveCfg = Release|Any CPU
		{FB9FA6AA-EEE1-4C52-8563-22290D94DDF0}.Release|Any CPU.Build.0 = Release|Any CPU
		{171FDC41-A1EE-4076-BC6D-1A12D54992FE}.Debug|Any CPU.ActiveCfg = Debug|Any CPU
		{171FDC41-A1EE-4076-BC6D-1A12D54992FE}.Debug|Any CPU.Build.0 = Debug|Any CPU
		{171FDC41-A1EE-4076-BC6D-1A12D54992FE}.Release|Any CPU.ActiveCfg = Release|Any CPU
		{171FDC41-A1EE-4076-BC6D-1A12D54992FE}.Release|Any CPU.Build.0 = Release|Any CPU
		{BEF526DD-D792-4FE9-9009-B6371359566C}.Debug|Any CPU.ActiveCfg = Debug|Any CPU
		{BEF526DD-D792-4FE9-9009-B6371359566C}.Debug|Any CPU.Build.0 = Debug|Any CPU
		{BEF526DD-D792-4FE9-9009-B6371359566C}.Release|Any CPU.ActiveCfg = Release|Any CPU
		{BEF526DD-D792-4FE9-9009-B6371359566C}.Release|Any CPU.Build.0 = Release|Any CPU
		{65E3083E-E31B-4F64-9275-D9C0E3B67456}.Debug|Any CPU.ActiveCfg = Debug|Any CPU
		{65E3083E-E31B-4F64-9275-D9C0E3B67456}.Debug|Any CPU.Build.0 = Debug|Any CPU
		{65E3083E-E31B-4F64-9275-D9C0E3B67456}.Release|Any CPU.ActiveCfg = Release|Any CPU
		{65E3083E-E31B-4F64-9275-D9C0E3B67456}.Release|Any CPU.Build.0 = Release|Any CPU
		{59B3E072-E2DF-4ED5-989F-BCD7AA8FF30D}.Debug|Any CPU.ActiveCfg = Debug|Any CPU
		{59B3E072-E2DF-4ED5-989F-BCD7AA8FF30D}.Debug|Any CPU.Build.0 = Debug|Any CPU
		{59B3E072-E2DF-4ED5-989F-BCD7AA8FF30D}.Release|Any CPU.ActiveCfg = Release|Any CPU
		{59B3E072-E2DF-4ED5-989F-BCD7AA8FF30D}.Release|Any CPU.Build.0 = Release|Any CPU
	EndGlobalSection
	GlobalSection(SolutionProperties) = preSolution
		HideSolutionNode = FALSE
	EndGlobalSection
	GlobalSection(NestedProjects) = preSolution
		{FB9FA6AA-EEE1-4C52-8563-22290D94DDF0} = {FF172FC4-F55D-4EEA-9797-883EEFF0FE2E}
		{171FDC41-A1EE-4076-BC6D-1A12D54992FE} = {90E0108D-B5D4-4124-BBF7-3D2A637725A7}
		{BEF526DD-D792-4FE9-9009-B6371359566C} = {FF172FC4-F55D-4EEA-9797-883EEFF0FE2E}
		{FF172FC4-F55D-4EEA-9797-883EEFF0FE2E} = {190A789B-5C89-4E78-8CAD-83F7ED5B107D}
		{90E0108D-B5D4-4124-BBF7-3D2A637725A7} = {190A789B-5C89-4E78-8CAD-83F7ED5B107D}
		{657016A5-89D6-4F1F-BB59-59BCB8E04ABC} = {190A789B-5C89-4E78-8CAD-83F7ED5B107D}
		{65E3083E-E31B-4F64-9275-D9C0E3B67456} = {657016A5-89D6-4F1F-BB59-59BCB8E04ABC}
		{59B3E072-E2DF-4ED5-989F-BCD7AA8FF30D} = {2B2E9A7C-F08C-43BD-A31A-AD0899803CF7}
	EndGlobalSection
	GlobalSection(ExtensibilityGlobals) = postSolution
		SolutionGuid = {7545E78C-D7FC-457C-A6AB-EC41A98C9FAE}
	EndGlobalSection
EndGlobal
